
Microsoft Visual Studio Solution File, Format Version 12.00
# Visual Studio Version 17
VisualStudioVersion = 17.8.34511.84
MinimumVisualStudioVersion = 10.0.40219.1
Project("{9A19103F-16F7-4668-BE54-9A1E7A4F7556}") = "Showcase.RabbitMq.Producer", "Showcase.RabbitMq.Producer\Showcase.RabbitMq.Producer.csproj", "{72880C06-EB67-438A-83A5-C73C86D8EB18}"
EndProject
Project("{FAE04EC0-301F-11D3-BF4B-00C04F79EFBC}") = "Showcase.RabbitMq.Consumer", "Showcase.RabbitMq.Consumer\Showcase.RabbitMq.Consumer.csproj", "{2EF6B980-44C0-42CA-847E-3FE8FE43908A}"
EndProject
Global
	GlobalSection(SolutionConfigurationPlatforms) = preSolution
		Debug|Any CPU = Debug|Any CPU
		Release|Any CPU = Release|Any CPU
	EndGlobalSection
	GlobalSection(ProjectConfigurationPlatforms) = postSolution
		{72880C06-EB67-438A-83A5-C73C86D8EB18}.Debug|Any CPU.ActiveCfg = Debug|Any CPU
		{72880C06-EB67-438A-83A5-C73C86D8EB18}.Debug|Any CPU.Build.0 = Debug|Any CPU
		{72880C06-EB67-438A-83A5-C73C86D8EB18}.Release|Any CPU.ActiveCfg = Release|Any CPU
		{72880C06-EB67-438A-83A5-C73C86D8EB18}.Release|Any CPU.Build.0 = Release|Any CPU
		{2EF6B980-44C0-42CA-847E-3FE8FE43908A}.Debug|Any CPU.ActiveCfg = Debug|Any CPU
		{2EF6B980-44C0-42CA-847E-3FE8FE43908A}.Debug|Any CPU.Build.0 = Debug|Any CPU
		{2EF6B980-44C0-42CA-847E-3FE8FE43908A}.Release|Any CPU.ActiveCfg = Release|Any CPU
		{2EF6B980-44C0-42CA-847E-3FE8FE43908A}.Release|Any CPU.Build.0 = Release|Any CPU
	EndGlobalSection
	GlobalSection(SolutionProperties) = preSolution
		HideSolutionNode = FALSE
	EndGlobalSection
	GlobalSection(ExtensibilityGlobals) = postSolution
		SolutionGuid = {1085315F-A960-4895-BCA0-158DFEE4D9C2}
	EndGlobalSection
EndGlobal
